<?xml version="1.0" encoding="utf-8"?>
<Project ToolsVersion="4.0" xmlns="http://schemas.microsoft.com/developer/msbuild/2003">
  <ItemGroup>
    <Filter Include="Source Files">
      <UniqueIdentifier>{4FC737F1-C7A5-4376-A066-2A32D752A2FF}</UniqueIdentifier>
      <Extensions>cpp;c;cc;cxx;c++;cppm;ixx;def;odl;idl;hpj;bat;asm;asmx</Extensions>
    </Filter>
    <Filter Include="Header Files">
      <UniqueIdentifier>{93995380-89BD-4b04-88EB-625FBE52EBFB}</UniqueIdentifier>
      <Extensions>h;hh;hpp;hxx;h++;hm;inl;inc;ipp;xsd</Extensions>
    </Filter>
    <Filter Include="Resource Files">
      <UniqueIdentifier>{67DA6AB6-F800-4c08-8B7A-83BB121AAD01}</UniqueIdentifier>
      <Extensions>rc;ico;cur;bmp;dlg;rc2;rct;bin;rgs;gif;jpg;jpeg;jpe;resx;tiff;tif;png;wav;mfcribbon-ms</Extensions>
    </Filter>
  </ItemGroup>
  <ItemGroup>
    <None Include="packages.config" />
    <None Include="media\shaders\rect.frag" />
    <None Include="media\shaders\rect.vert" />
    <None Include="media\shaders\instancedRect.vert" />
    <None Include="media\shaders\triangle.vert" />
    <None Include="media\shaders\triangle.frag" />
    <None Include="media\shaders\triangleTextured.vert" />
    <None Include="media\shaders\triangleTextured.frag" />
  </ItemGroup>
  <ItemGroup>
    <ClInclude Include="tests\doctest.h">
      <Filter>Header Files</Filter>
    </ClInclude>
    <ClInclude Include="tests\tests.h">
      <Filter>Header Files</Filter>
    </ClInclude>
    <ClInclude Include="motion.h">
      <Filter>Header Files</Filter>
    </ClInclude>
    <ClInclude Include="stb_image.h">
      <Filter>Header Files</Filter>
    </ClInclude>
    <ClInclude Include="shader.h">
      <Filter>Header Files</Filter>
    </ClInclude>
    <ClInclude Include="buffers\VAO.h">
      <Filter>Header Files</Filter>
    </ClInclude>
    <ClInclude Include="buffers\VBO.h">
      <Filter>Header Files</Filter>
    </ClInclude>
    <ClInclude Include="texture.h">
      <Filter>Header Files</Filter>
    </ClInclude>
    <ClInclude Include="generation\cave_generator.h">
      <Filter>Header Files</Filter>
    </ClInclude>
    <ClInclude Include="buffers\EBO.h">
      <Filter>Header Files</Filter>
    </ClInclude>
    <ClInclude Include="shapes\rectangle.h">
      <Filter>Header Files</Filter>
    </ClInclude>
    <ClInclude Include="generation\mesh_generator.h">
      <Filter>Header Files</Filter>
    </ClInclude>
    <ClInclude Include="camera.h">
      <Filter>Header Files</Filter>
    </ClInclude>
    <ClInclude Include="shapes\triangle.h">
      <Filter>Header Files</Filter>
    </ClInclude>
    <ClInclude Include="shapes\flat_cave.h">
      <Filter>Header Files</Filter>
    </ClInclude>
    <ClInclude Include="packages\imgui\imconfig.h">
      <Filter>Header Files</Filter>
    </ClInclude>
    <ClInclude Include="packages\imgui\imgui.h">
      <Filter>Header Files</Filter>
    </ClInclude>
    <ClInclude Include="packages\imgui\imgui_impl_glfw_gl3.h">
      <Filter>Header Files</Filter>
    </ClInclude>
    <ClInclude Include="packages\imgui\imgui_internal.h">
      <Filter>Header Files</Filter>
    </ClInclude>
    <ClInclude Include="packages\imgui\stb_rect_pack.h">
      <Filter>Header Files</Filter>
    </ClInclude>
    <ClInclude Include="packages\imgui\stb_textedit.h">
      <Filter>Header Files</Filter>
    </ClInclude>
    <ClInclude Include="packages\imgui\stb_truetype.h">
      <Filter>Header Files</Filter>
    </ClInclude>
    <ClInclude Include="generation\triangle_struct.h">
      <Filter>Header Files</Filter>
    </ClInclude>
  </ItemGroup>
  <ItemGroup>
    <ClCompile Include="Project.cpp">
      <Filter>Source Files</Filter>
    </ClCompile>
    <ClCompile Include="packages\imgui\imgui.cpp">
      <Filter>Source Files</Filter>
    </ClCompile>
    <ClCompile Include="packages\imgui\imgui_demo.cpp">
      <Filter>Source Files</Filter>
    </ClCompile>
    <ClCompile Include="packages\imgui\imgui_draw.cpp">
      <Filter>Source Files</Filter>
    </ClCompile>
    <ClCompile Include="packages\imgui\imgui_impl_glfw_gl3.cpp">
      <Filter>Source Files</Filter>
    </ClCompile>
  </ItemGroup>
</Project>